
Microsoft Visual Studio Solution File, Format Version 12.00
# Visual Studio Version 17
VisualStudioVersion = 17.11.35303.130
MinimumVisualStudioVersion = 10.0.40219.1
Project("{9A19103F-16F7-4668-BE54-9A1E7A4F7556}") = "CatalogService.Domain", "src\CatalogService.Domain\CatalogService.Domain.csproj", "{A37C1184-ACE5-4A58-9D15-62ED74338DC5}"
EndProject
Project("{9A19103F-16F7-4668-BE54-9A1E7A4F7556}") = "CatalogService.Infrastructure", "src\CatalogService.Infrastructure\CatalogService.Infrastructure.csproj", "{9C268A72-96C3-4474-8DA2-289550275D52}"
EndProject
Project("{FAE04EC0-301F-11D3-BF4B-00C04F79EFBC}") = "CatalogService.API", "src\CatalogService.API\CatalogService.API.csproj", "{D3FF51E3-73F5-4796-A4F5-04A7E927F309}"
EndProject
Global
	GlobalSection(SolutionConfigurationPlatforms) = preSolution
		Debug|Any CPU = Debug|Any CPU
		Release|Any CPU = Release|Any CPU
	EndGlobalSection
	GlobalSection(ProjectConfigurationPlatforms) = postSolution
		{A37C1184-ACE5-4A58-9D15-62ED74338DC5}.Debug|Any CPU.ActiveCfg = Debug|Any CPU
		{A37C1184-ACE5-4A58-9D15-62ED74338DC5}.Debug|Any CPU.Build.0 = Debug|Any CPU
		{A37C1184-ACE5-4A58-9D15-62ED74338DC5}.Release|Any CPU.ActiveCfg = Release|Any CPU
		{A37C1184-ACE5-4A58-9D15-62ED74338DC5}.Release|Any CPU.Build.0 = Release|Any CPU
		{9C268A72-96C3-4474-8DA2-289550275D52}.Debug|Any CPU.ActiveCfg = Debug|Any CPU
		{9C268A72-96C3-4474-8DA2-289550275D52}.Debug|Any CPU.Build.0 = Debug|Any CPU
		{9C268A72-96C3-4474-8DA2-289550275D52}.Release|Any CPU.ActiveCfg = Release|Any CPU
		{9C268A72-96C3-4474-8DA2-289550275D52}.Release|Any CPU.Build.0 = Release|Any CPU
		{D3FF51E3-73F5-4796-A4F5-04A7E927F309}.Debug|Any CPU.ActiveCfg = Debug|Any CPU
		{D3FF51E3-73F5-4796-A4F5-04A7E927F309}.Debug|Any CPU.Build.0 = Debug|Any CPU
		{D3FF51E3-73F5-4796-A4F5-04A7E927F309}.Release|Any CPU.ActiveCfg = Release|Any CPU
		{D3FF51E3-73F5-4796-A4F5-04A7E927F309}.Release|Any CPU.Build.0 = Release|Any CPU
	EndGlobalSection
	GlobalSection(SolutionProperties) = preSolution
		HideSolutionNode = FALSE
	EndGlobalSection
	GlobalSection(ExtensibilityGlobals) = postSolution
		SolutionGuid = {5F897D61-E7F0-41D7-A9E6-87595CFD543A}
	EndGlobalSection
EndGlobal
